hash: d7d124a37d3afc3e7cbbfcb86f5ab13adb2641b125831ca02d7b137c41fc2e01
updated: 2018-03-02T15:05:54.7046343+08:00
imports:
- name: github.com/gin-contrib/cors
  version: df6cfb7ff4a38d694dfebd0868ecb3e956171366
- name: github.com/gin-contrib/sse
  version: 22d885f9ecc78bf4ee5d72b937e4bbcdc58e8cae
- name: github.com/gin-gonic/gin
  version: 783c7ee9c14eac0e65b501664b4f553291556b43
  subpackages:
  - binding
  - json
  - render
- name: github.com/golang/protobuf
  version: 925541529c1fa6821df4e44ce2723319eb2be768
  subpackages:
  - proto
- name: github.com/jinzhu/gorm
  version: 0a51f6cdc55d1650d9ed3b4c13026cfa9133b01e
  subpackages:
  - dialects/postgres
- name: github.com/jinzhu/inflection
  version: 1c35d901db3da928c72a72d8458480cc9ade058f
- name: github.com/json-iterator/go
  version: 002b5ae34214fdc0bad508c2ed6f572fa96dfdda
- name: github.com/lib/pq
  version: 27ea5d92de30060e7121ddd543fe14e9a327e0cc
  subpackages:
  - hstore
  - oid
- name: github.com/mattn/go-isatty
  version: 6ca4dbf54d38eea1a992b3c722a76a5d1c4cb25c
- name: github.com/ugorji/go
  version: b5b949564861e43a03568a0b134c135cf318e5c8
  subpackages:
  - codec
- name: golang.org/x/sys
  version: 83801418e1b59fb1880e363299581ee543af32ca
  subpackages:
  - unix
- name: gopkg.in/go-playground/validator.v8
  version: 5f1438d3fca68893a817e4a66806cea46a9e4ebf
- name: gopkg.in/yaml.v2
  version: 287cf08546ab5e7e37d55a84f7ed3fd1db036de5
testImports: []
